// !$*UTF8*$!
{
	archiveVersion = 1;
	classes = {
	};
	objectVersion = 48;
	objects = {

/* Begin PBXBuildFile section */
		9F7B610520727B58007FE76E /* AppDelegate.swift in Sources */ = {isa = PBXBuildFile; fileRef = 9F7B610420727B58007FE76E /* AppDelegate.swift */; };
		9F7B610720727B58007FE76E /* GameScene.sks in Resources */ = {isa = PBXBuildFile; fileRef = 9F7B610620727B58007FE76E /* GameScene.sks */; };
		9F7B610920727B58007FE76E /* Actions.sks in Resources */ = {isa = PBXBuildFile; fileRef = 9F7B610820727B58007FE76E /* Actions.sks */; };
		9F7B610B20727B58007FE76E /* GameScene.swift in Sources */ = {isa = PBXBuildFile; fileRef = 9F7B610A20727B58007FE76E /* GameScene.swift */; };
		9F7B610D20727B58007FE76E /* GameViewController.swift in Sources */ = {isa = PBXBuildFile; fileRef = 9F7B610C20727B58007FE76E /* GameViewController.swift */; };
		9F7B611020727B6B007FE76E /* Main.storyboard in Resources */ = {isa = PBXBuildFile; fileRef = 9F7B610E20727B6B007FE76E /* Main.storyboard */; };
		9F7B611220727B6B007FE76E /* Assets.xcassets in Resources */ = {isa = PBXBuildFile; fileRef = 9F7B611120727B6B007FE76E /* Assets.xcassets */; };
		9F7B611520727B6E007FE76E /* LaunchScreen.storyboard in Resources */ = {isa = PBXBuildFile; fileRef = 9F7B611320727B6E007FE76E /* LaunchScreen.storyboard */; };
		9F7B611D20727C52007FE76E /* Entity.swift in Sources */ = {isa = PBXBuildFile; fileRef = 9F7B611C20727C52007FE76E /* Entity.swift */; };
		9F7B611F20727C60007FE76E /* Game.swift in Sources */ = {isa = PBXBuildFile; fileRef = 9F7B611E20727C60007FE76E /* Game.swift */; };
		9F7B612120727D92007FE76E /* Room.swift in Sources */ = {isa = PBXBuildFile; fileRef = 9F7B612020727D91007FE76E /* Room.swift */; };
		9F7C23B1207BC14400BCD25C /* Combat.swift in Sources */ = {isa = PBXBuildFile; fileRef = 9F7C23B0207BC14400BCD25C /* Combat.swift */; };
		9F9D46902084FA5E00A5ACC2 /* Overworld.swift in Sources */ = {isa = PBXBuildFile; fileRef = 9F9D468F2084FA5E00A5ACC2 /* Overworld.swift */; };
		B07676BF209937AD00409759 /* CombatInfo.swift in Sources */ = {isa = PBXBuildFile; fileRef = B07676BD209937AC00409759 /* CombatInfo.swift */; };
		B07676C0209937AD00409759 /* CombatUI.swift in Sources */ = {isa = PBXBuildFile; fileRef = B07676BE209937AC00409759 /* CombatUI.swift */; };
/* End PBXBuildFile section */

/* Begin PBXFileReference section */
		9F7B610120727B57007FE76E /* FTD.app */ = {isa = PBXFileReference; explicitFileType = wrapper.application; includeInIndex = 0; path = FTD.app; sourceTree = BUILT_PRODUCTS_DIR; };
		9F7B610420727B58007FE76E /* AppDelegate.swift */ = {isa = PBXFileReference; lastKnownFileType = sourcecode.swift; path = AppDelegate.swift; sourceTree = "<group>"; };
		9F7B610620727B58007FE76E /* GameScene.sks */ = {isa = PBXFileReference; lastKnownFileType = file.sks; path = GameScene.sks; sourceTree = "<group>"; };
		9F7B610820727B58007FE76E /* Actions.sks */ = {isa = PBXFileReference; lastKnownFileType = file.sks; path = Actions.sks; sourceTree = "<group>"; };
		9F7B610A20727B58007FE76E /* GameScene.swift */ = {isa = PBXFileReference; lastKnownFileType = sourcecode.swift; path = GameScene.swift; sourceTree = "<group>"; };
		9F7B610C20727B58007FE76E /* GameViewController.swift */ = {isa = PBXFileReference; lastKnownFileType = sourcecode.swift; path = GameViewController.swift; sourceTree = "<group>"; };
		9F7B610F20727B6B007FE76E /* Base */ = {isa = PBXFileReference; lastKnownFileType = file.storyboard; name = Base; path = Base.lproj/Main.storyboard; sourceTree = "<group>"; };
		9F7B611120727B6B007FE76E /* Assets.xcassets */ = {isa = PBXFileReference; lastKnownFileType = folder.assetcatalog; path = Assets.xcassets; sourceTree = "<group>"; };
		9F7B611420727B6E007FE76E /* Base */ = {isa = PBXFileReference; lastKnownFileType = file.storyboard; name = Base; path = Base.lproj/LaunchScreen.storyboard; sourceTree = "<group>"; };
		9F7B611620727B73007FE76E /* Info.plist */ = {isa = PBXFileReference; lastKnownFileType = text.plist.xml; path = Info.plist; sourceTree = "<group>"; };
		9F7B611C20727C52007FE76E /* Entity.swift */ = {isa = PBXFileReference; fileEncoding = 4; lastKnownFileType = sourcecode.swift; path = Entity.swift; sourceTree = "<group>"; };
		9F7B611E20727C60007FE76E /* Game.swift */ = {isa = PBXFileReference; fileEncoding = 4; lastKnownFileType = sourcecode.swift; path = Game.swift; sourceTree = "<group>"; };
		9F7B612020727D91007FE76E /* Room.swift */ = {isa = PBXFileReference; fileEncoding = 4; lastKnownFileType = sourcecode.swift; path = Room.swift; sourceTree = "<group>"; };
		9F7C23B0207BC14400BCD25C /* Combat.swift */ = {isa = PBXFileReference; lastKnownFileType = sourcecode.swift; path = Combat.swift; sourceTree = "<group>"; };
		9F9D468F2084FA5E00A5ACC2 /* Overworld.swift */ = {isa = PBXFileReference; lastKnownFileType = sourcecode.swift; path = Overworld.swift; sourceTree = "<group>"; };
		B07676BD209937AC00409759 /* CombatInfo.swift */ = {isa = PBXFileReference; fileEncoding = 4; lastKnownFileType = sourcecode.swift; path = CombatInfo.swift; sourceTree = "<group>"; };
		B07676BE209937AC00409759 /* CombatUI.swift */ = {isa = PBXFileReference; fileEncoding = 4; lastKnownFileType = sourcecode.swift; path = CombatUI.swift; sourceTree = "<group>"; };
/* End PBXFileReference section */

/* Begin PBXFrameworksBuildPhase section */
		9F7B60FE20727B57007FE76E /* Frameworks */ = {
			isa = PBXFrameworksBuildPhase;
			buildActionMask = 2147483647;
			files = (
			);
			runOnlyForDeploymentPostprocessing = 0;
		};
/* End PBXFrameworksBuildPhase section */

/* Begin PBXGroup section */
		9F7B60F820727B57007FE76E = {
			isa = PBXGroup;
			children = (
				9F7B610320727B57007FE76E /* FTD */,
				9F7B610220727B57007FE76E /* Products */,
			);
			sourceTree = "<group>";
		};
		9F7B610220727B57007FE76E /* Products */ = {
			isa = PBXGroup;
			children = (
				9F7B610120727B57007FE76E /* FTD.app */,
			);
			name = Products;
			sourceTree = "<group>";
		};
		9F7B610320727B57007FE76E /* FTD */ = {
			isa = PBXGroup;
			children = (
				B07676BD209937AC00409759 /* CombatInfo.swift */,
				B07676BE209937AC00409759 /* CombatUI.swift */,
				9F7B610420727B58007FE76E /* AppDelegate.swift */,
				9F7B610620727B58007FE76E /* GameScene.sks */,
				9F7B610820727B58007FE76E /* Actions.sks */,
				9F7B610A20727B58007FE76E /* GameScene.swift */,
				9F7B610C20727B58007FE76E /* GameViewController.swift */,
				9F7B611C20727C52007FE76E /* Entity.swift */,
				9F7B610E20727B6B007FE76E /* Main.storyboard */,
				9F7B611E20727C60007FE76E /* Game.swift */,
				9F7B612020727D91007FE76E /* Room.swift */,
				9F7B611120727B6B007FE76E /* Assets.xcassets */,
				9F7B611320727B6E007FE76E /* LaunchScreen.storyboard */,
				9F7B611620727B73007FE76E /* Info.plist */,
				9F7C23B0207BC14400BCD25C /* Combat.swift */,
				9F9D468F2084FA5E00A5ACC2 /* Overworld.swift */,
			);
			path = FTD;
			sourceTree = "<group>";
		};
/* End PBXGroup section */

/* Begin PBXNativeTarget section */
		9F7B610020727B57007FE76E /* FTD */ = {
			isa = PBXNativeTarget;
			buildConfigurationList = 9F7B611920727B73007FE76E /* Build configuration list for PBXNativeTarget "FTD" */;
			buildPhases = (
				9F7B60FD20727B57007FE76E /* Sources */,
				9F7B60FE20727B57007FE76E /* Frameworks */,
				9F7B60FF20727B57007FE76E /* Resources */,
			);
			buildRules = (
			);
			dependencies = (
			);
			name = FTD;
			productName = FTD;
			productReference = 9F7B610120727B57007FE76E /* FTD.app */;
			productType = "com.apple.product-type.application";
		};
/* End PBXNativeTarget section */

/* Begin PBXProject section */
		9F7B60F920727B57007FE76E /* Project object */ = {
			isa = PBXProject;
			attributes = {
				LastSwiftUpdateCheck = 0920;
				LastUpgradeCheck = 0920;
				ORGANIZATIONNAME = Ephemerality;
				TargetAttributes = {
					9F7B610020727B57007FE76E = {
						CreatedOnToolsVersion = 9.2;
						ProvisioningStyle = Automatic;
					};
				};
			};
			buildConfigurationList = 9F7B60FC20727B57007FE76E /* Build configuration list for PBXProject "FTD" */;
			compatibilityVersion = "Xcode 8.0";
			developmentRegion = en;
			hasScannedForEncodings = 0;
			knownRegions = (
				en,
				Base,
			);
			mainGroup = 9F7B60F820727B57007FE76E;
			productRefGroup = 9F7B610220727B57007FE76E /* Products */;
			projectDirPath = "";
			projectRoot = "";
			targets = (
				9F7B610020727B57007FE76E /* FTD */,
			);
		};
/* End PBXProject section */

/* Begin PBXResourcesBuildPhase section */
		9F7B60FF20727B57007FE76E /* Resources */ = {
			isa = PBXResourcesBuildPhase;
			buildActionMask = 2147483647;
			files = (
				9F7B611020727B6B007FE76E /* Main.storyboard in Resources */,
				9F7B610720727B58007FE76E /* GameScene.sks in Resources */,
				9F7B611220727B6B007FE76E /* Assets.xcassets in Resources */,
				9F7B611520727B6E007FE76E /* LaunchScreen.storyboard in Resources */,
				9F7B610920727B58007FE76E /* Actions.sks in Resources */,
			);
			runOnlyForDeploymentPostprocessing = 0;
		};
/* End PBXResourcesBuildPhase section */

/* Begin PBXSourcesBuildPhase section */
		9F7B60FD20727B57007FE76E /* Sources */ = {
			isa = PBXSourcesBuildPhase;
			buildActionMask = 2147483647;
			files = (
				9F7B611D20727C52007FE76E /* Entity.swift in Sources */,
				9F7B611F20727C60007FE76E /* Game.swift in Sources */,
				B07676BF209937AD00409759 /* CombatInfo.swift in Sources */,
				9F7B612120727D92007FE76E /* Room.swift in Sources */,
				9F7B610B20727B58007FE76E /* GameScene.swift in Sources */,
				B07676C0209937AD00409759 /* CombatUI.swift in Sources */,
				9F7B610D20727B58007FE76E /* GameViewController.swift in Sources */,
				9F7B610520727B58007FE76E /* AppDelegate.swift in Sources */,
				9F9D46902084FA5E00A5ACC2 /* Overworld.swift in Sources */,
				9F7C23B1207BC14400BCD25C /* Combat.swift in Sources */,
			);
			runOnlyForDeploymentPostprocessing = 0;
		};
/* End PBXSourcesBuildPhase section */

/* Begin PBXVariantGroup section */
		9F7B610E20727B6B007FE76E /* Main.storyboard */ = {
			isa = PBXVariantGroup;
			children = (
				9F7B610F20727B6B007FE76E /* Base */,
			);
			name = Main.storyboard;
			sourceTree = "<group>";
		};
		9F7B611320727B6E007FE76E /* LaunchScreen.storyboard */ = {
			isa = PBXVariantGroup;
			children = (
				9F7B611420727B6E007FE76E /* Base */,
			);
			name = LaunchScreen.storyboard;
			sourceTree = "<group>";
		};
/* End PBXVariantGroup section */

/* Begin XCBuildConfiguration section */
		9F7B611720727B73007FE76E /* Debug */ = {
			isa = XCBuildConfiguration;
			buildSettings = {
				ALWAYS_SEARCH_USER_PATHS = NO;
				CLANG_ANALYZER_NONNULL = YES;
				CLANG_ANALYZER_NUMBER_OBJECT_CONVERSION = YES_AGGRESSIVE;
				CLANG_CXX_LANGUAGE_STANDARD = "gnu++14";
				CLANG_CXX_LIBRARY = "libc++";
				CLANG_ENABLE_MODULES = YES;
				CLANG_ENABLE_OBJC_ARC = YES;
				CLANG_WARN_BLOCK_CAPTURE_AUTORELEASING = YES;
				CLANG_WARN_BOOL_CONVERSION = YES;
				CLANG_WARN_COMMA = YES;
				CLANG_WARN_CONSTANT_CONVERSION = YES;
				CLANG_WARN_DIRECT_OBJC_ISA_USAGE = YES_ERROR;
				CLANG_WARN_DOCUMENTATION_COMMENTS = YES;
				CLANG_WARN_EMPTY_BODY = YES;
				CLANG_WARN_ENUM_CONVERSION = YES;
				CLANG_WARN_INFINITE_RECURSION = YES;
				CLANG_WARN_INT_CONVERSION = YES;
				CLANG_WARN_NON_LITERAL_NULL_CONVERSION = YES;
				CLANG_WARN_OBJC_LITERAL_CONVERSION = YES;
				CLANG_WARN_OBJC_ROOT_CLASS = YES_ERROR;
				CLANG_WARN_RANGE_LOOP_ANALYSIS = YES;
				CLANG_WARN_STRICT_PROTOTYPES = YES;
				CLANG_WARN_SUSPICIOUS_MOVE = YES;
				CLANG_WARN_UNGUARDED_AVAILABILITY = YES_AGGRESSIVE;
				CLANG_WARN_UNREACHABLE_CODE = YES;
				CLANG_WARN__DUPLICATE_METHOD_MATCH = YES;
				CODE_SIGN_IDENTITY = "iPhone Developer";
				COPY_PHASE_STRIP = NO;
				DEBUG_INFORMATION_FORMAT = dwarf;
				ENABLE_STRICT_OBJC_MSGSEND = YES;
				ENABLE_TESTABILITY = YES;
				GCC_C_LANGUAGE_STANDARD = gnu11;
				GCC_DYNAMIC_NO_PIC = NO;
				GCC_NO_COMMON_BLOCKS = YES;
				GCC_OPTIMIZATION_LEVEL = 0;
				GCC_PREPROCESSOR_DEFINITIONS = (
					"DEBUG=1",
					"$(inherited)",
				);
				GCC_WARN_64_TO_32_BIT_CONVERSION = YES;
				GCC_WARN_ABOUT_RETURN_TYPE = YES_ERROR;
				GCC_WARN_UNDECLARED_SELECTOR = YES;
				GCC_WARN_UNINITIALIZED_AUTOS = YES_AGGRESSIVE;
				GCC_WARN_UNUSED_FUNCTION = YES;
				GCC_WARN_UNUSED_VARIABLE = YES;
				IPHONEOS_DEPLOYMENT_TARGET = 11.2;
				MTL_ENABLE_DEBUG_INFO = YES;
				ONLY_ACTIVE_ARCH = YES;
				SDKROOT = iphoneos;
				SWIFT_ACTIVE_COMPILATION_CONDITIONS = DEBUG;
				SWIFT_OPTIMIZATION_LEVEL = "-Onone";
			};
			name = Debug;
		};
		9F7B611820727B73007FE76E /* Release */ = {
			isa = XCBuildConfiguration;
			buildSettings = {
				ALWAYS_SEARCH_USER_PATHS = NO;
				CLANG_ANALYZER_NONNULL = YES;
				CLANG_ANALYZER_NUMBER_OBJECT_CONVERSION = YES_AGGRESSIVE;
				CLANG_CXX_LANGUAGE_STANDARD = "gnu++14";
				CLANG_CXX_LIBRARY = "libc++";
				CLANG_ENABLE_MODULES = YES;
				CLANG_ENABLE_OBJC_ARC = YES;
				CLANG_WARN_BLOCK_CAPTURE_AUTORELEASING = YES;
				CLANG_WARN_BOOL_CONVERSION = YES;
				CLANG_WARN_COMMA = YES;
				CLANG_WARN_CONSTANT_CONVERSION = YES;
				CLANG_WARN_DIRECT_OBJC_ISA_USAGE = YES_ERROR;
				CLANG_WARN_DOCUMENTATION_COMMENTS = YES;
				CLANG_WARN_EMPTY_BODY = YES;
				CLANG_WARN_ENUM_CONVERSION = YES;
				CLANG_WARN_INFINITE_RECURSION = YES;
				CLANG_WARN_INT_CONVERSION = YES;
				CLANG_WARN_NON_LITERAL_NULL_CONVERSION = YES;
				CLANG_WARN_OBJC_LITERAL_CONVERSION = YES;
				CLANG_WARN_OBJC_ROOT_CLASS = YES_ERROR;
				CLANG_WARN_RANGE_LOOP_ANALYSIS = YES;
				CLANG_WARN_STRICT_PROTOTYPES = YES;
				CLANG_WARN_SUSPICIOUS_MOVE = YES;
				CLANG_WARN_UNGUARDED_AVAILABILITY = YES_AGGRESSIVE;
				CLANG_WARN_UNREACHABLE_CODE = YES;
				CLANG_WARN__DUPLICATE_METHOD_MATCH = YES;
				CODE_SIGN_IDENTITY = "iPhone Developer";
				COPY_PHASE_STRIP = NO;
				DEBUG_INFORMATION_FORMAT = "dwarf-with-dsym";
				ENABLE_NS_ASSERTIONS = NO;
				ENABLE_STRICT_OBJC_MSGSEND = YES;
				GCC_C_LANGUAGE_STANDARD = gnu11;
				GCC_NO_COMMON_BLOCKS = YES;
				GCC_WARN_64_TO_32_BIT_CONVERSION = YES;
				GCC_WARN_ABOUT_RETURN_TYPE = YES_ERROR;
				GCC_WARN_UNDECLARED_SELECTOR = YES;
				GCC_WARN_UNINITIALIZED_AUTOS = YES_AGGRESSIVE;
				GCC_WARN_UNUSED_FUNCTION = YES;
				GCC_WARN_UNUSED_VARIABLE = YES;
				IPHONEOS_DEPLOYMENT_TARGET = 11.2;
				MTL_ENABLE_DEBUG_INFO = NO;
				SDKROOT = iphoneos;
				SWIFT_OPTIMIZATION_LEVEL = "-Owholemodule";
				VALIDATE_PRODUCT = YES;
			};
			name = Release;
		};
		9F7B611A20727B73007FE76E /* Debug */ = {
			isa = XCBuildConfiguration;
			buildSettings = {
				ASSETCATALOG_COMPILER_APPICON_NAME = AppIcon;
				CODE_SIGN_STYLE = Automatic;
				INFOPLIST_FILE = FTD/Info.plist;
				LD_RUNPATH_SEARCH_PATHS = "$(inherited) @executable_path/Frameworks";
				PRODUCT_BUNDLE_IDENTIFIER = com.ephemerality.FTD;
				PRODUCT_NAME = "$(TARGET_NAME)";
				SWIFT_VERSION = 4.0;
				TARGETED_DEVICE_FAMILY = "1,2";
			};
			name = Debug;
		};
		9F7B611B20727B73007FE76E /* Release */ = {
			isa = XCBuildConfiguration;
			buildSettings = {
				ASSETCATALOG_COMPILER_APPICON_NAME = AppIcon;
				CODE_SIGN_STYLE = Automatic;
				INFOPLIST_FILE = FTD/Info.plist;
				LD_RUNPATH_SEARCH_PATHS = "$(inherited) @executable_path/Frameworks";
				PRODUCT_BUNDLE_IDENTIFIER = com.ephemerality.FTD;
				PRODUCT_NAME = "$(TARGET_NAME)";
				SWIFT_VERSION = 4.0;
				TARGETED_DEVICE_FAMILY = "1,2";
			};
			name = Release;
		};
/* End XCBuildConfiguration section */

/* Begin XCConfigurationList section */
		9F7B60FC20727B57007FE76E /* Build configuration list for PBXProject "FTD" */ = {
			isa = XCConfigurationList;
			buildConfigurations = (
				9F7B611720727B73007FE76E /* Debug */,
				9F7B611820727B73007FE76E /* Release */,
			);
			defaultConfigurationIsVisible = 0;
			defaultConfigurationName = Release;
		};
		9F7B611920727B73007FE76E /* Build configuration list for PBXNativeTarget "FTD" */ = {
			isa = XCConfigurationList;
			buildConfigurations = (
				9F7B611A20727B73007FE76E /* Debug */,
				9F7B611B20727B73007FE76E /* Release */,
			);
			defaultConfigurationIsVisible = 0;
			defaultConfigurationName = Release;
		};
/* End XCConfigurationList section */
	};
	rootObject = 9F7B60F920727B57007FE76E /* Project object */;
}
